
Microsoft Visual Studio Solution File, Format Version 12.00
# Visual Studio Version 16
VisualStudioVersion = 16.0.29709.97
MinimumVisualStudioVersion = 10.0.40219.1
Project("{F184B08F-C81C-45F6-A57F-5ABD9991F28F}") = "MyHelloWorld", "MyHelloWorld\MyHelloWorld.vbproj", "{06407A1D-743E-481D-B4A1-7E46F0B78E07}"
EndProject
Global
	GlobalSection(SolutionConfigurationPlatforms) = preSolution
		Debug|Any CPU = Debug|Any CPU
		Release|Any CPU = Release|Any CPU
	EndGlobalSection
	GlobalSection(ProjectConfigurationPlatforms) = postSolution
		{06407A1D-743E-481D-B4A1-7E46F0B78E07}.Debug|Any CPU.ActiveCfg = Debug|Any CPU
		{06407A1D-743E-481D-B4A1-7E46F0B78E07}.Debug|Any CPU.Build.0 = Debug|Any CPU
		{06407A1D-743E-481D-B4A1-7E46F0B78E07}.Release|Any CPU.ActiveCfg = Release|Any CPU
		{06407A1D-743E-481D-B4A1-7E46F0B78E07}.Release|Any CPU.Build.0 = Release|Any CPU
	EndGlobalSection
	GlobalSection(SolutionProperties) = preSolution
		HideSolutionNode = FALSE
	EndGlobalSection
	GlobalSection(ExtensibilityGlobals) = postSolution
		SolutionGuid = {6783A70A-079E-4D89-8900-0424E5B77DD6}
	EndGlobalSection
EndGlobal
